
Microsoft Visual Studio Solution File, Format Version 12.00
# Visual Studio Version 17
VisualStudioVersion = 17.8.34330.188
MinimumVisualStudioVersion = 10.0.40219.1
Project("{FAE04EC0-301F-11D3-BF4B-00C04F79EFBC}") = "10.1", "10.1\10.1.csproj", "{61066710-8F4D-4D4C-8E40-C05A61A10A4A}"
EndProject
Project("{FAE04EC0-301F-11D3-BF4B-00C04F79EFBC}") = "10.1.1", "10.1.1\10.1.1.csproj", "{C341BCE8-25BA-43C7-A925-37545DF6479F}"
EndProject
Project("{FAE04EC0-301F-11D3-BF4B-00C04F79EFBC}") = "10.1.2", "10.1.2\10.1.2.csproj", "{84030971-8348-4CFD-9449-8ABF4643C8FE}"
EndProject
Project("{FAE04EC0-301F-11D3-BF4B-00C04F79EFBC}") = "10.1.3(1)", "10.1.3(1)\10.1.3(1).csproj", "{AB633C59-6FAF-4E26-8206-5A55D9379E70}"
EndProject
Project("{FAE04EC0-301F-11D3-BF4B-00C04F79EFBC}") = "10.2.1", "10.2\10.2.1.csproj", "{4A855F2B-8C97-4927-8C42-40D3253282C0}"
EndProject
Project("{FAE04EC0-301F-11D3-BF4B-00C04F79EFBC}") = "10.2.2", "10.2.2\10.2.2.csproj", "{79A308D6-15EE-4A4B-9890-6721E6871D73}"
EndProject
Project("{FAE04EC0-301F-11D3-BF4B-00C04F79EFBC}") = "10.3.1", "10.3\10.3.1.csproj", "{81B3AD48-CE2B-4E62-A3AB-1C6F6D7A9A03}"
EndProject
Project("{FAE04EC0-301F-11D3-BF4B-00C04F79EFBC}") = "10.3.2", "10.3.2\10.3.2.csproj", "{71E90ECA-6F58-4F56-BFEF-F9B973596FC7}"
EndProject
Project("{FAE04EC0-301F-11D3-BF4B-00C04F79EFBC}") = "10.4", "10.4\10.4.csproj", "{748C5257-E26E-4D28-927A-C17EC049896B}"
EndProject
Project("{FAE04EC0-301F-11D3-BF4B-00C04F79EFBC}") = "10.5.1", "10.5.1\10.5.1.csproj", "{C2E8A5EC-5BA6-4301-AB8F-37525F4858F2}"
EndProject
Project("{FAE04EC0-301F-11D3-BF4B-00C04F79EFBC}") = "10.5.2", "10.5.2\10.5.2.csproj", "{70744477-C756-48A1-AA1F-AC764731C9BF}"
EndProject
Project("{FAE04EC0-301F-11D3-BF4B-00C04F79EFBC}") = "10.5.3", "10.5.3\10.5.3.csproj", "{90B95386-5A5A-457B-A99A-77F26DC286BC}"
EndProject
Project("{FAE04EC0-301F-11D3-BF4B-00C04F79EFBC}") = "10.6.1", "10.6.1\10.6.1.csproj", "{628D42B5-6E4E-484D-9EF7-08D9D223D32B}"
EndProject
Project("{FAE04EC0-301F-11D3-BF4B-00C04F79EFBC}") = "10.6.2", "10.6.2\10.6.2.csproj", "{517E0C66-1CEA-4080-B42D-B560E597CAA4}"
EndProject
Project("{FAE04EC0-301F-11D3-BF4B-00C04F79EFBC}") = "10.6.3", "10.6.3\10.6.3.csproj", "{70139446-05C1-43B6-802E-BE2EB87EA824}"
EndProject
Project("{FAE04EC0-301F-11D3-BF4B-00C04F79EFBC}") = "10.6.4", "10.6.4\10.6.4.csproj", "{2ADE4A84-1B62-48FA-8C42-DBED45A96E95}"
EndProject
Project("{FAE04EC0-301F-11D3-BF4B-00C04F79EFBC}") = "10.7", "10.7\10.7.csproj", "{FE6CE30E-FA98-4CA6-A44C-E22B685BAB59}"
EndProject
Project("{FAE04EC0-301F-11D3-BF4B-00C04F79EFBC}") = "10.8", "10.8\10.8.csproj", "{F3696FBE-BAEE-45AC-BF85-A0257D661ED5}"
EndProject
Project("{FAE04EC0-301F-11D3-BF4B-00C04F79EFBC}") = "10.9", "10.9\10.9.csproj", "{18D70FDF-C9C8-4A1A-88C7-B17579EFDAEC}"
EndProject
Global
	GlobalSection(SolutionConfigurationPlatforms) = preSolution
		Debug|Any CPU = Debug|Any CPU
		Release|Any CPU = Release|Any CPU
	EndGlobalSection
	GlobalSection(ProjectConfigurationPlatforms) = postSolution
		{61066710-8F4D-4D4C-8E40-C05A61A10A4A}.Debug|Any CPU.ActiveCfg = Debug|Any CPU
		{61066710-8F4D-4D4C-8E40-C05A61A10A4A}.Debug|Any CPU.Build.0 = Debug|Any CPU
		{61066710-8F4D-4D4C-8E40-C05A61A10A4A}.Release|Any CPU.ActiveCfg = Release|Any CPU
		{61066710-8F4D-4D4C-8E40-C05A61A10A4A}.Release|Any CPU.Build.0 = Release|Any CPU
		{C341BCE8-25BA-43C7-A925-37545DF6479F}.Debug|Any CPU.ActiveCfg = Debug|Any CPU
		{C341BCE8-25BA-43C7-A925-37545DF6479F}.Debug|Any CPU.Build.0 = Debug|Any CPU
		{C341BCE8-25BA-43C7-A925-37545DF6479F}.Release|Any CPU.ActiveCfg = Release|Any CPU
		{C341BCE8-25BA-43C7-A925-37545DF6479F}.Release|Any CPU.Build.0 = Release|Any CPU
		{84030971-8348-4CFD-9449-8ABF4643C8FE}.Debug|Any CPU.ActiveCfg = Debug|Any CPU
		{84030971-8348-4CFD-9449-8ABF4643C8FE}.Debug|Any CPU.Build.0 = Debug|Any CPU
		{84030971-8348-4CFD-9449-8ABF4643C8FE}.Release|Any CPU.ActiveCfg = Release|Any CPU
		{84030971-8348-4CFD-9449-8ABF4643C8FE}.Release|Any CPU.Build.0 = Release|Any CPU
		{AB633C59-6FAF-4E26-8206-5A55D9379E70}.Debug|Any CPU.ActiveCfg = Debug|Any CPU
		{AB633C59-6FAF-4E26-8206-5A55D9379E70}.Debug|Any CPU.Build.0 = Debug|Any CPU
		{AB633C59-6FAF-4E26-8206-5A55D9379E70}.Release|Any CPU.ActiveCfg = Release|Any CPU
		{AB633C59-6FAF-4E26-8206-5A55D9379E70}.Release|Any CPU.Build.0 = Release|Any CPU
		{4A855F2B-8C97-4927-8C42-40D3253282C0}.Debug|Any CPU.ActiveCfg = Debug|Any CPU
		{4A855F2B-8C97-4927-8C42-40D3253282C0}.Debug|Any CPU.Build.0 = Debug|Any CPU
		{4A855F2B-8C97-4927-8C42-40D3253282C0}.Release|Any CPU.ActiveCfg = Release|Any CPU
		{4A855F2B-8C97-4927-8C42-40D3253282C0}.Release|Any CPU.Build.0 = Release|Any CPU
		{79A308D6-15EE-4A4B-9890-6721E6871D73}.Debug|Any CPU.ActiveCfg = Debug|Any CPU
		{79A308D6-15EE-4A4B-9890-6721E6871D73}.Debug|Any CPU.Build.0 = Debug|Any CPU
		{79A308D6-15EE-4A4B-9890-6721E6871D73}.Release|Any CPU.ActiveCfg = Release|Any CPU
		{79A308D6-15EE-4A4B-9890-6721E6871D73}.Release|Any CPU.Build.0 = Release|Any CPU
		{81B3AD48-CE2B-4E62-A3AB-1C6F6D7A9A03}.Debug|Any CPU.ActiveCfg = Debug|Any CPU
		{81B3AD48-CE2B-4E62-A3AB-1C6F6D7A9A03}.Debug|Any CPU.Build.0 = Debug|Any CPU
		{81B3AD48-CE2B-4E62-A3AB-1C6F6D7A9A03}.Release|Any CPU.ActiveCfg = Release|Any CPU
		{81B3AD48-CE2B-4E62-A3AB-1C6F6D7A9A03}.Release|Any CPU.Build.0 = Release|Any CPU
		{71E90ECA-6F58-4F56-BFEF-F9B973596FC7}.Debug|Any CPU.ActiveCfg = Debug|Any CPU
		{71E90ECA-6F58-4F56-BFEF-F9B973596FC7}.Debug|Any CPU.Build.0 = Debug|Any CPU
		{71E90ECA-6F58-4F56-BFEF-F9B973596FC7}.Release|Any CPU.ActiveCfg = Release|Any CPU
		{71E90ECA-6F58-4F56-BFEF-F9B973596FC7}.Release|Any CPU.Build.0 = Release|Any CPU
		{748C5257-E26E-4D28-927A-C17EC049896B}.Debug|Any CPU.ActiveCfg = Debug|Any CPU
		{748C5257-E26E-4D28-927A-C17EC049896B}.Debug|Any CPU.Build.0 = Debug|Any CPU
		{748C5257-E26E-4D28-927A-C17EC049896B}.Release|Any CPU.ActiveCfg = Release|Any CPU
		{748C5257-E26E-4D28-927A-C17EC049896B}.Release|Any CPU.Build.0 = Release|Any CPU
		{C2E8A5EC-5BA6-4301-AB8F-37525F4858F2}.Debug|Any CPU.ActiveCfg = Debug|Any CPU
		{C2E8A5EC-5BA6-4301-AB8F-37525F4858F2}.Debug|Any CPU.Build.0 = Debug|Any CPU
		{C2E8A5EC-5BA6-4301-AB8F-37525F4858F2}.Release|Any CPU.ActiveCfg = Release|Any CPU
		{C2E8A5EC-5BA6-4301-AB8F-37525F4858F2}.Release|Any CPU.Build.0 = Release|Any CPU
		{70744477-C756-48A1-AA1F-AC764731C9BF}.Debug|Any CPU.ActiveCfg = Debug|Any CPU
		{70744477-C756-48A1-AA1F-AC764731C9BF}.Debug|Any CPU.Build.0 = Debug|Any CPU
		{70744477-C756-48A1-AA1F-AC764731C9BF}.Release|Any CPU.ActiveCfg = Release|Any CPU
		{70744477-C756-48A1-AA1F-AC764731C9BF}.Release|Any CPU.Build.0 = Release|Any CPU
		{90B95386-5A5A-457B-A99A-77F26DC286BC}.Debug|Any CPU.ActiveCfg = Debug|Any CPU
		{90B95386-5A5A-457B-A99A-77F26DC286BC}.Debug|Any CPU.Build.0 = Debug|Any CPU
		{90B95386-5A5A-457B-A99A-77F26DC286BC}.Release|Any CPU.ActiveCfg = Release|Any CPU
		{90B95386-5A5A-457B-A99A-77F26DC286BC}.Release|Any CPU.Build.0 = Release|Any CPU
		{628D42B5-6E4E-484D-9EF7-08D9D223D32B}.Debug|Any CPU.ActiveCfg = Debug|Any CPU
		{628D42B5-6E4E-484D-9EF7-08D9D223D32B}.Debug|Any CPU.Build.0 = Debug|Any CPU
		{628D42B5-6E4E-484D-9EF7-08D9D223D32B}.Release|Any CPU.ActiveCfg = Release|Any CPU
		{628D42B5-6E4E-484D-9EF7-08D9D223D32B}.Release|Any CPU.Build.0 = Release|Any CPU
		{517E0C66-1CEA-4080-B42D-B560E597CAA4}.Debug|Any CPU.ActiveCfg = Debug|Any CPU
		{517E0C66-1CEA-4080-B42D-B560E597CAA4}.Debug|Any CPU.Build.0 = Debug|Any CPU
		{517E0C66-1CEA-4080-B42D-B560E597CAA4}.Release|Any CPU.ActiveCfg = Release|Any CPU
		{517E0C66-1CEA-4080-B42D-B560E597CAA4}.Release|Any CPU.Build.0 = Release|Any CPU
		{70139446-05C1-43B6-802E-BE2EB87EA824}.Debug|Any CPU.ActiveCfg = Debug|Any CPU
		{70139446-05C1-43B6-802E-BE2EB87EA824}.Debug|Any CPU.Build.0 = Debug|Any CPU
		{70139446-05C1-43B6-802E-BE2EB87EA824}.Release|Any CPU.ActiveCfg = Release|Any CPU
		{70139446-05C1-43B6-802E-BE2EB87EA824}.Release|Any CPU.Build.0 = Release|Any CPU
		{2ADE4A84-1B62-48FA-8C42-DBED45A96E95}.Debug|Any CPU.ActiveCfg = Debug|Any CPU
		{2ADE4A84-1B62-48FA-8C42-DBED45A96E95}.Debug|Any CPU.Build.0 = Debug|Any CPU
		{2ADE4A84-1B62-48FA-8C42-DBED45A96E95}.Release|Any CPU.ActiveCfg = Release|Any CPU
		{2ADE4A84-1B62-48FA-8C42-DBED45A96E95}.Release|Any CPU.Build.0 = Release|Any CPU
		{FE6CE30E-FA98-4CA6-A44C-E22B685BAB59}.Debug|Any CPU.ActiveCfg = Debug|Any CPU
		{FE6CE30E-FA98-4CA6-A44C-E22B685BAB59}.Debug|Any CPU.Build.0 = Debug|Any CPU
		{FE6CE30E-FA98-4CA6-A44C-E22B685BAB59}.Release|Any CPU.ActiveCfg = Release|Any CPU
		{FE6CE30E-FA98-4CA6-A44C-E22B685BAB59}.Release|Any CPU.Build.0 = Release|Any CPU
		{F3696FBE-BAEE-45AC-BF85-A0257D661ED5}.Debug|Any CPU.ActiveCfg = Debug|Any CPU
		{F3696FBE-BAEE-45AC-BF85-A0257D661ED5}.Debug|Any CPU.Build.0 = Debug|Any CPU
		{F3696FBE-BAEE-45AC-BF85-A0257D661ED5}.Release|Any CPU.ActiveCfg = Release|Any CPU
		{F3696FBE-BAEE-45AC-BF85-A0257D661ED5}.Release|Any CPU.Build.0 = Release|Any CPU
		{18D70FDF-C9C8-4A1A-88C7-B17579EFDAEC}.Debug|Any CPU.ActiveCfg = Debug|Any CPU
		{18D70FDF-C9C8-4A1A-88C7-B17579EFDAEC}.Debug|Any CPU.Build.0 = Debug|Any CPU
		{18D70FDF-C9C8-4A1A-88C7-B17579EFDAEC}.Release|Any CPU.ActiveCfg = Release|Any CPU
		{18D70FDF-C9C8-4A1A-88C7-B17579EFDAEC}.Release|Any CPU.Build.0 = Release|Any CPU
	EndGlobalSection
	GlobalSection(SolutionProperties) = preSolution
		HideSolutionNode = FALSE
	EndGlobalSection
	GlobalSection(ExtensibilityGlobals) = postSolution
		SolutionGuid = {2EA16B86-EED7-4F10-9114-EC4207AB814E}
	EndGlobalSection
EndGlobal
